// !$*UTF8*$!
{
	archiveVersion = 1;
	classes = {
	};
	objectVersion = 56;
	objects = {

/* Begin PBXBuildFile section */
		92E8A1AE29509F62001972D2 /* PublisherApp.swift in Sources */ = {isa = PBXBuildFile; fileRef = 92E8A1AD29509F62001972D2 /* PublisherApp.swift */; };
		92E8A1B029509F62001972D2 /* ContentView.swift in Sources */ = {isa = PBXBuildFile; fileRef = 92E8A1AF29509F62001972D2 /* ContentView.swift */; };
		92E8A1B229509F63001972D2 /* Assets.xcassets in Resources */ = {isa = PBXBuildFile; fileRef = 92E8A1B129509F63001972D2 /* Assets.xcassets */; };
		92E8A1B529509F63001972D2 /* Preview Assets.xcassets in Resources */ = {isa = PBXBuildFile; fileRef = 92E8A1B429509F63001972D2 /* Preview Assets.xcassets */; };
		92E8A1D92950A131001972D2 /* SwiftJWT in Frameworks */ = {isa = PBXBuildFile; productRef = 92E8A1D82950A131001972D2 /* SwiftJWT */; };
		92E8A1DE2950A1D3001972D2 /* PubModel.swift in Sources */ = {isa = PBXBuildFile; fileRef = 92E8A1DD2950A1D3001972D2 /* PubModel.swift */; };
		92E8A22A2954D536001972D2 /* README.md in Resources */ = {isa = PBXBuildFile; fileRef = 92E8A2292954D536001972D2 /* README.md */; };
		92E8A2302954D7A9001972D2 /* AzureWebPubSub.swift in Sources */ = {isa = PBXBuildFile; fileRef = 92E8A22F2954D7A9001972D2 /* AzureWebPubSub.swift */; };
/* End PBXBuildFile section */

/* Begin PBXFileReference section */
		92E8A1AA29509F62001972D2 /* Publisher.app */ = {isa = PBXFileReference; explicitFileType = wrapper.application; includeInIndex = 0; path = Publisher.app; sourceTree = BUILT_PRODUCTS_DIR; };
		92E8A1AD29509F62001972D2 /* PublisherApp.swift */ = {isa = PBXFileReference; lastKnownFileType = sourcecode.swift; path = PublisherApp.swift; sourceTree = "<group>"; };
		92E8A1AF29509F62001972D2 /* ContentView.swift */ = {isa = PBXFileReference; lastKnownFileType = sourcecode.swift; path = ContentView.swift; sourceTree = "<group>"; };
		92E8A1B129509F63001972D2 /* Assets.xcassets */ = {isa = PBXFileReference; lastKnownFileType = folder.assetcatalog; path = Assets.xcassets; sourceTree = "<group>"; };
		92E8A1B429509F63001972D2 /* Preview Assets.xcassets */ = {isa = PBXFileReference; lastKnownFileType = folder.assetcatalog; path = "Preview Assets.xcassets"; sourceTree = "<group>"; };
		92E8A1B629509F63001972D2 /* Publisher.entitlements */ = {isa = PBXFileReference; lastKnownFileType = text.plist.entitlements; path = Publisher.entitlements; sourceTree = "<group>"; };
		92E8A1DD2950A1D3001972D2 /* PubModel.swift */ = {isa = PBXFileReference; lastKnownFileType = sourcecode.swift; path = PubModel.swift; sourceTree = "<group>"; };
		92E8A1F029533E08001972D2 /* Info.plist */ = {isa = PBXFileReference; lastKnownFileType = text.plist; path = Info.plist; sourceTree = "<group>"; };
		92E8A2292954D536001972D2 /* README.md */ = {isa = PBXFileReference; fileEncoding = 4; lastKnownFileType = net.daringfireball.markdown; path = README.md; sourceTree = "<group>"; };
		92E8A22F2954D7A9001972D2 /* AzureWebPubSub.swift */ = {isa = PBXFileReference; fileEncoding = 4; lastKnownFileType = sourcecode.swift; path = AzureWebPubSub.swift; sourceTree = "<group>"; };
/* End PBXFileReference section */

/* Begin PBXFrameworksBuildPhase section */
		92E8A1A729509F62001972D2 /* Frameworks */ = {
			isa = PBXFrameworksBuildPhase;
			buildActionMask = 2147483647;
			files = (
				92E8A1D92950A131001972D2 /* SwiftJWT in Frameworks */,
			);
			runOnlyForDeploymentPostprocessing = 0;
		};
/* End PBXFrameworksBuildPhase section */

/* Begin PBXGroup section */
		92E8A1A129509F62001972D2 = {
			isa = PBXGroup;
			children = (
				92E8A2292954D536001972D2 /* README.md */,
				92E8A1AC29509F62001972D2 /* Publisher */,
				92E8A1AB29509F62001972D2 /* Products */,
			);
			sourceTree = "<group>";
		};
		92E8A1AB29509F62001972D2 /* Products */ = {
			isa = PBXGroup;
			children = (
				92E8A1AA29509F62001972D2 /* Publisher.app */,
			);
			name = Products;
			sourceTree = "<group>";
		};
		92E8A1AC29509F62001972D2 /* Publisher */ = {
			isa = PBXGroup;
			children = (
				92E8A1F029533E08001972D2 /* Info.plist */,
				92E8A1AF29509F62001972D2 /* ContentView.swift */,
				92E8A1AD29509F62001972D2 /* PublisherApp.swift */,
				92E8A1DF2950A1EA001972D2 /* Model */,
				92E8A1B129509F63001972D2 /* Assets.xcassets */,
				92E8A1B629509F63001972D2 /* Publisher.entitlements */,
				92E8A1B329509F63001972D2 /* Preview Content */,
			);
			path = Publisher;
			sourceTree = "<group>";
		};
		92E8A1B329509F63001972D2 /* Preview Content */ = {
			isa = PBXGroup;
			children = (
				92E8A1B429509F63001972D2 /* Preview Assets.xcassets */,
			);
			path = "Preview Content";
			sourceTree = "<group>";
		};
		92E8A1DF2950A1EA001972D2 /* Model */ = {
			isa = PBXGroup;
			children = (
				92E8A1DD2950A1D3001972D2 /* PubModel.swift */,
				92E8A22F2954D7A9001972D2 /* AzureWebPubSub.swift */,
			);
			path = Model;
			sourceTree = "<group>";
		};
/* End PBXGroup section */

/* Begin PBXNativeTarget section */
		92E8A1A929509F62001972D2 /* Publisher */ = {
			isa = PBXNativeTarget;
			buildConfigurationList = 92E8A1B929509F63001972D2 /* Build configuration list for PBXNativeTarget "Publisher" */;
			buildPhases = (
				92E8A1A629509F62001972D2 /* Sources */,
				92E8A1A729509F62001972D2 /* Frameworks */,
				92E8A1A829509F62001972D2 /* Resources */,
			);
			buildRules = (
			);
			dependencies = (
			);
			name = Publisher;
			packageProductDependencies = (
				92E8A1D82950A131001972D2 /* SwiftJWT */,
			);
			productName = Publisher;
			productReference = 92E8A1AA29509F62001972D2 /* Publisher.app */;
			productType = "com.apple.product-type.application";
		};
/* End PBXNativeTarget section */

/* Begin PBXProject section */
		92E8A1A229509F62001972D2 /* Project object */ = {
			isa = PBXProject;
			attributes = {
				BuildIndependentTargetsInParallel = 1;
				LastSwiftUpdateCheck = 1420;
				LastUpgradeCheck = 1420;
				TargetAttributes = {
					92E8A1A929509F62001972D2 = {
						CreatedOnToolsVersion = 14.2;
					};
				};
			};
			buildConfigurationList = 92E8A1A529509F62001972D2 /* Build configuration list for PBXProject "Publisher" */;
			compatibilityVersion = "Xcode 14.0";
			developmentRegion = en;
			hasScannedForEncodings = 0;
			knownRegions = (
				en,
				Base,
			);
			mainGroup = 92E8A1A129509F62001972D2;
			packageReferences = (
				92E8A1D72950A131001972D2 /* XCRemoteSwiftPackageReference "Swift-JWT" */,
			);
			productRefGroup = 92E8A1AB29509F62001972D2 /* Products */;
			projectDirPath = "";
			projectRoot = "";
			targets = (
				92E8A1A929509F62001972D2 /* Publisher */,
			);
		};
/* End PBXProject section */

/* Begin PBXResourcesBuildPhase section */
		92E8A1A829509F62001972D2 /* Resources */ = {
			isa = PBXResourcesBuildPhase;
			buildActionMask = 2147483647;
			files = (
				92E8A22A2954D536001972D2 /* README.md in Resources */,
				92E8A1B529509F63001972D2 /* Preview Assets.xcassets in Resources */,
				92E8A1B229509F63001972D2 /* Assets.xcassets in Resources */,
			);
			runOnlyForDeploymentPostprocessing = 0;
		};
/* End PBXResourcesBuildPhase section */

/* Begin PBXSourcesBuildPhase section */
		92E8A1A629509F62001972D2 /* Sources */ = {
			isa = PBXSourcesBuildPhase;
			buildActionMask = 2147483647;
			files = (
				92E8A1B029509F62001972D2 /* ContentView.swift in Sources */,
				92E8A2302954D7A9001972D2 /* AzureWebPubSub.swift in Sources */,
				92E8A1DE2950A1D3001972D2 /* PubModel.swift in Sources */,
				92E8A1AE29509F62001972D2 /* PublisherApp.swift in Sources */,
			);
			runOnlyForDeploymentPostprocessing = 0;
		};
/* End PBXSourcesBuildPhase section */

/* Begin XCBuildConfiguration section */
		92E8A1B729509F63001972D2 /* Debug */ = {
			isa = XCBuildConfiguration;
			buildSettings = {
				ALWAYS_SEARCH_USER_PATHS = NO;
				CLANG_ANALYZER_NONNULL = YES;
				CLANG_ANALYZER_NUMBER_OBJECT_CONVERSION = YES_AGGRESSIVE;
				CLANG_CXX_LANGUAGE_STANDARD = "gnu++20";
				CLANG_ENABLE_MODULES = YES;
				CLANG_ENABLE_OBJC_ARC = YES;
				CLANG_ENABLE_OBJC_WEAK = YES;
				CLANG_WARN_BLOCK_CAPTURE_AUTORELEASING = YES;
				CLANG_WARN_BOOL_CONVERSION = YES;
				CLANG_WARN_COMMA = YES;
				CLANG_WARN_CONSTANT_CONVERSION = YES;
				CLANG_WARN_DEPRECATED_OBJC_IMPLEMENTATIONS = YES;
				CLANG_WARN_DIRECT_OBJC_ISA_USAGE = YES_ERROR;
				CLANG_WARN_DOCUMENTATION_COMMENTS = YES;
				CLANG_WARN_EMPTY_BODY = YES;
				CLANG_WARN_ENUM_CONVERSION = YES;
				CLANG_WARN_INFINITE_RECURSION = YES;
				CLANG_WARN_INT_CONVERSION = YES;
				CLANG_WARN_NON_LITERAL_NULL_CONVERSION = YES;
				CLANG_WARN_OBJC_IMPLICIT_RETAIN_SELF = YES;
				CLANG_WARN_OBJC_LITERAL_CONVERSION = YES;
				CLANG_WARN_OBJC_ROOT_CLASS = YES_ERROR;
				CLANG_WARN_QUOTED_INCLUDE_IN_FRAMEWORK_HEADER = YES;
				CLANG_WARN_RANGE_LOOP_ANALYSIS = YES;
				CLANG_WARN_STRICT_PROTOTYPES = YES;
				CLANG_WARN_SUSPICIOUS_MOVE = YES;
				CLANG_WARN_UNGUARDED_AVAILABILITY = YES_AGGRESSIVE;
				CLANG_WARN_UNREACHABLE_CODE = YES;
				CLANG_WARN__DUPLICATE_METHOD_MATCH = YES;
				COPY_PHASE_STRIP = NO;
				DEBUG_INFORMATION_FORMAT = dwarf;
				ENABLE_STRICT_OBJC_MSGSEND = YES;
				ENABLE_TESTABILITY = YES;
				GCC_C_LANGUAGE_STANDARD = gnu11;
				GCC_DYNAMIC_NO_PIC = NO;
				GCC_NO_COMMON_BLOCKS = YES;
				GCC_OPTIMIZATION_LEVEL = 0;
				GCC_PREPROCESSOR_DEFINITIONS = (
					"DEBUG=1",
					"$(inherited)",
				);
				GCC_WARN_64_TO_32_BIT_CONVERSION = YES;
				GCC_WARN_ABOUT_RETURN_TYPE = YES_ERROR;
				GCC_WARN_UNDECLARED_SELECTOR = YES;
				GCC_WARN_UNINITIALIZED_AUTOS = YES_AGGRESSIVE;
				GCC_WARN_UNUSED_FUNCTION = YES;
				GCC_WARN_UNUSED_VARIABLE = YES;
				MACOSX_DEPLOYMENT_TARGET = 13.1;
				MTL_ENABLE_DEBUG_INFO = INCLUDE_SOURCE;
				MTL_FAST_MATH = YES;
				ONLY_ACTIVE_ARCH = YES;
				SDKROOT = macosx;
				SWIFT_ACTIVE_COMPILATION_CONDITIONS = DEBUG;
				SWIFT_OPTIMIZATION_LEVEL = "-Onone";
			};
			name = Debug;
		};
		92E8A1B829509F63001972D2 /* Release */ = {
			isa = XCBuildConfiguration;
			buildSettings = {
				ALWAYS_SEARCH_USER_PATHS = NO;
				CLANG_ANALYZER_NONNULL = YES;
				CLANG_ANALYZER_NUMBER_OBJECT_CONVERSION = YES_AGGRESSIVE;
				CLANG_CXX_LANGUAGE_STANDARD = "gnu++20";
				CLANG_ENABLE_MODULES = YES;
				CLANG_ENABLE_OBJC_ARC = YES;
				CLANG_ENABLE_OBJC_WEAK = YES;
				CLANG_WARN_BLOCK_CAPTURE_AUTORELEASING = YES;
				CLANG_WARN_BOOL_CONVERSION = YES;
				CLANG_WARN_COMMA = YES;
				CLANG_WARN_CONSTANT_CONVERSION = YES;
				CLANG_WARN_DEPRECATED_OBJC_IMPLEMENTATIONS = YES;
				CLANG_WARN_DIRECT_OBJC_ISA_USAGE = YES_ERROR;
				CLANG_WARN_DOCUMENTATION_COMMENTS = YES;
				CLANG_WARN_EMPTY_BODY = YES;
				CLANG_WARN_ENUM_CONVERSION = YES;
				CLANG_WARN_INFINITE_RECURSION = YES;
				CLANG_WARN_INT_CONVERSION = YES;
				CLANG_WARN_NON_LITERAL_NULL_CONVERSION = YES;
				CLANG_WARN_OBJC_IMPLICIT_RETAIN_SELF = YES;
				CLANG_WARN_OBJC_LITERAL_CONVERSION = YES;
				CLANG_WARN_OBJC_ROOT_CLASS = YES_ERROR;
				CLANG_WARN_QUOTED_INCLUDE_IN_FRAMEWORK_HEADER = YES;
				CLANG_WARN_RANGE_LOOP_ANALYSIS = YES;
				CLANG_WARN_STRICT_PROTOTYPES = YES;
				CLANG_WARN_SUSPICIOUS_MOVE = YES;
				CLANG_WARN_UNGUARDED_AVAILABILITY = YES_AGGRESSIVE;
				CLANG_WARN_UNREACHABLE_CODE = YES;
				CLANG_WARN__DUPLICATE_METHOD_MATCH = YES;
				COPY_PHASE_STRIP = NO;
				DEBUG_INFORMATION_FORMAT = "dwarf-with-dsym";
				ENABLE_NS_ASSERTIONS = NO;
				ENABLE_STRICT_OBJC_MSGSEND = YES;
				GCC_C_LANGUAGE_STANDARD = gnu11;
				GCC_NO_COMMON_BLOCKS = YES;
				GCC_WARN_64_TO_32_BIT_CONVERSION = YES;
				GCC_WARN_ABOUT_RETURN_TYPE = YES_ERROR;
				GCC_WARN_UNDECLARED_SELECTOR = YES;
				GCC_WARN_UNINITIALIZED_AUTOS = YES_AGGRESSIVE;
				GCC_WARN_UNUSED_FUNCTION = YES;
				GCC_WARN_UNUSED_VARIABLE = YES;
				MACOSX_DEPLOYMENT_TARGET = 13.1;
				MTL_ENABLE_DEBUG_INFO = NO;
				MTL_FAST_MATH = YES;
				SDKROOT = macosx;
				SWIFT_COMPILATION_MODE = wholemodule;
				SWIFT_OPTIMIZATION_LEVEL = "-O";
			};
			name = Release;
		};
		92E8A1BA29509F63001972D2 /* Debug */ = {
			isa = XCBuildConfiguration;
			buildSettings = {
				ASSETCATALOG_COMPILER_APPICON_NAME = AppIcon;
				ASSETCATALOG_COMPILER_GLOBAL_ACCENT_COLOR_NAME = AccentColor;
				CODE_SIGN_ENTITLEMENTS = Publisher/Publisher.entitlements;
				CODE_SIGN_STYLE = Automatic;
				COMBINE_HIDPI_IMAGES = YES;
				CURRENT_PROJECT_VERSION = 1;
				DEVELOPMENT_ASSET_PATHS = "\"Publisher/Preview Content\"";
				DEVELOPMENT_TEAM = 4QRJCR224P;
				ENABLE_HARDENED_RUNTIME = YES;
				ENABLE_PREVIEWS = YES;
				GENERATE_INFOPLIST_FILE = YES;
				INFOPLIST_FILE = Publisher/Info.plist;
				INFOPLIST_KEY_LSApplicationCategoryType = "public.app-category.developer-tools";
				INFOPLIST_KEY_NSHumanReadableCopyright = "";
				LD_RUNPATH_SEARCH_PATHS = (
					"$(inherited)",
					"@executable_path/../Frameworks",
				);
				MARKETING_VERSION = 1.0;
				PRODUCT_BUNDLE_IDENTIFIER = com.denisblondeau.Publisher;
				PRODUCT_NAME = "$(TARGET_NAME)";
				SWIFT_EMIT_LOC_STRINGS = YES;
				SWIFT_VERSION = 5.0;
			};
			name = Debug;
		};
		92E8A1BB29509F63001972D2 /* Release */ = {
			isa = XCBuildConfiguration;
			buildSettings = {
				ASSETCATALOG_COMPILER_APPICON_NAME = AppIcon;
				ASSETCATALOG_COMPILER_GLOBAL_ACCENT_COLOR_NAME = AccentColor;
				CODE_SIGN_ENTITLEMENTS = Publisher/Publisher.entitlements;
				CODE_SIGN_STYLE = Automatic;
				COMBINE_HIDPI_IMAGES = YES;
				CURRENT_PROJECT_VERSION = 1;
				DEVELOPMENT_ASSET_PATHS = "\"Publisher/Preview Content\"";
				DEVELOPMENT_TEAM = 4QRJCR224P;
				ENABLE_HARDENED_RUNTIME = YES;
				ENABLE_PREVIEWS = YES;
				GENERATE_INFOPLIST_FILE = YES;
				INFOPLIST_FILE = Publisher/Info.plist;
				INFOPLIST_KEY_LSApplicationCategoryType = "public.app-category.developer-tools";
				INFOPLIST_KEY_NSHumanReadableCopyright = "";
				LD_RUNPATH_SEARCH_PATHS = (
					"$(inherited)",
					"@executable_path/../Frameworks",
				);
				MARKETING_VERSION = 1.0;
				PRODUCT_BUNDLE_IDENTIFIER = com.denisblondeau.Publisher;
				PRODUCT_NAME = "$(TARGET_NAME)";
				SWIFT_EMIT_LOC_STRINGS = YES;
				SWIFT_VERSION = 5.0;
			};
			name = Release;
		};
/* End XCBuildConfiguration section */

/* Begin XCConfigurationList section */
		92E8A1A529509F62001972D2 /* Build configuration list for PBXProject "Publisher" */ = {
			isa = XCConfigurationList;
			buildConfigurations = (
				92E8A1B729509F63001972D2 /* Debug */,
				92E8A1B829509F63001972D2 /* Release */,
			);
			defaultConfigurationIsVisible = 0;
			defaultConfigurationName = Release;
		};
		92E8A1B929509F63001972D2 /* Build configuration list for PBXNativeTarget "Publisher" */ = {
			isa = XCConfigurationList;
			buildConfigurations = (
				92E8A1BA29509F63001972D2 /* Debug */,
				92E8A1BB29509F63001972D2 /* Release */,
			);
			defaultConfigurationIsVisible = 0;
			defaultConfigurationName = Release;
		};
/* End XCConfigurationList section */

/* Begin XCRemoteSwiftPackageReference section */
		92E8A1D72950A131001972D2 /* XCRemoteSwiftPackageReference "Swift-JWT" */ = {
			isa = XCRemoteSwiftPackageReference;
			repositoryURL = "https://github.com/Kitura/Swift-JWT";
			requirement = {
				kind = upToNextMajorVersion;
				minimumVersion = 4.0.0;
			};
		};
/* End XCRemoteSwiftPackageReference section */

/* Begin XCSwiftPackageProductDependency section */
		92E8A1D82950A131001972D2 /* SwiftJWT */ = {
			isa = XCSwiftPackageProductDependency;
			package = 92E8A1D72950A131001972D2 /* XCRemoteSwiftPackageReference "Swift-JWT" */;
			productName = SwiftJWT;
		};
/* End XCSwiftPackageProductDependency section */
	};
	rootObject = 92E8A1A229509F62001972D2 /* Project object */;
}
